// !$*UTF8*$!
{
	archiveVersion = 1;
	classes = {
	};
	objectVersion = 52;
	objects = {

/* Begin PBXBuildFile section */
		367A98C625B4270B0027BD29 /* AppDelegate.swift in Sources */ = {isa = PBXBuildFile; fileRef = 367A98C525B4270B0027BD29 /* AppDelegate.swift */; };
		367A98C825B4270B0027BD29 /* SceneDelegate.swift in Sources */ = {isa = PBXBuildFile; fileRef = 367A98C725B4270B0027BD29 /* SceneDelegate.swift */; };
		367A98CA25B4270B0027BD29 /* ContentView.swift in Sources */ = {isa = PBXBuildFile; fileRef = 367A98C925B4270B0027BD29 /* ContentView.swift */; };
		367A98CC25B4270E0027BD29 /* Assets.xcassets in Resources */ = {isa = PBXBuildFile; fileRef = 367A98CB25B4270E0027BD29 /* Assets.xcassets */; };
		367A98CF25B4270E0027BD29 /* Preview Assets.xcassets in Resources */ = {isa = PBXBuildFile; fileRef = 367A98CE25B4270E0027BD29 /* Preview Assets.xcassets */; };
		367A98D225B4270E0027BD29 /* LaunchScreen.storyboard in Resources */ = {isa = PBXBuildFile; fileRef = 367A98D025B4270E0027BD29 /* LaunchScreen.storyboard */; };
		367A98DD25B4270E0027BD29 /* LoadImageTests.swift in Sources */ = {isa = PBXBuildFile; fileRef = 367A98DC25B4270E0027BD29 /* LoadImageTests.swift */; };
		367A98E925B4276D0027BD29 /* SwURL in Frameworks */ = {isa = PBXBuildFile; productRef = 367A98E825B4276D0027BD29 /* SwURL */; };
		367A992225B4549C0027BD29 /* LoadImageView.swift in Sources */ = {isa = PBXBuildFile; fileRef = 367A992125B4549C0027BD29 /* LoadImageView.swift */; };
		367A992525B4554F0027BD29 /* OBView.swift in Sources */ = {isa = PBXBuildFile; fileRef = 367A992425B4554F0027BD29 /* OBView.swift */; };
		367A992825B456160027BD29 /* ConcentricOnboarding in Frameworks */ = {isa = PBXBuildFile; productRef = 367A992725B456160027BD29 /* ConcentricOnboarding */; };
		367A992A25B460860027BD29 /* ActivityIndecator.swift in Sources */ = {isa = PBXBuildFile; fileRef = 367A992925B460860027BD29 /* ActivityIndecator.swift */; };
		367A992E25B461780027BD29 /* ActivityIndicatorView in Frameworks */ = {isa = PBXBuildFile; productRef = 367A992D25B461780027BD29 /* ActivityIndicatorView */; };
/* End PBXBuildFile section */

/* Begin PBXContainerItemProxy section */
		367A98D925B4270E0027BD29 /* PBXContainerItemProxy */ = {
			isa = PBXContainerItemProxy;
			containerPortal = 367A98BA25B4270B0027BD29 /* Project object */;
			proxyType = 1;
			remoteGlobalIDString = 367A98C125B4270B0027BD29;
			remoteInfo = LoadImage;
		};
/* End PBXContainerItemProxy section */

/* Begin PBXFileReference section */
		367A98C225B4270B0027BD29 /* LoadImage.app */ = {isa = PBXFileReference; explicitFileType = wrapper.application; includeInIndex = 0; path = LoadImage.app; sourceTree = BUILT_PRODUCTS_DIR; };
		367A98C525B4270B0027BD29 /* AppDelegate.swift */ = {isa = PBXFileReference; lastKnownFileType = sourcecode.swift; path = AppDelegate.swift; sourceTree = "<group>"; };
		367A98C725B4270B0027BD29 /* SceneDelegate.swift */ = {isa = PBXFileReference; lastKnownFileType = sourcecode.swift; path = SceneDelegate.swift; sourceTree = "<group>"; };
		367A98C925B4270B0027BD29 /* ContentView.swift */ = {isa = PBXFileReference; lastKnownFileType = sourcecode.swift; path = ContentView.swift; sourceTree = "<group>"; };
		367A98CB25B4270E0027BD29 /* Assets.xcassets */ = {isa = PBXFileReference; lastKnownFileType = folder.assetcatalog; path = Assets.xcassets; sourceTree = "<group>"; };
		367A98CE25B4270E0027BD29 /* Preview Assets.xcassets */ = {isa = PBXFileReference; lastKnownFileType = folder.assetcatalog; path = "Preview Assets.xcassets"; sourceTree = "<group>"; };
		367A98D125B4270E0027BD29 /* Base */ = {isa = PBXFileReference; lastKnownFileType = file.storyboard; name = Base; path = Base.lproj/LaunchScreen.storyboard; sourceTree = "<group>"; };
		367A98D325B4270E0027BD29 /* Info.plist */ = {isa = PBXFileReference; lastKnownFileType = text.plist.xml; path = Info.plist; sourceTree = "<group>"; };
		367A98D825B4270E0027BD29 /* LoadImageTests.xctest */ = {isa = PBXFileReference; explicitFileType = wrapper.cfbundle; includeInIndex = 0; path = LoadImageTests.xctest; sourceTree = BUILT_PRODUCTS_DIR; };
		367A98DC25B4270E0027BD29 /* LoadImageTests.swift */ = {isa = PBXFileReference; lastKnownFileType = sourcecode.swift; path = LoadImageTests.swift; sourceTree = "<group>"; };
		367A98DE25B4270E0027BD29 /* Info.plist */ = {isa = PBXFileReference; lastKnownFileType = text.plist.xml; path = Info.plist; sourceTree = "<group>"; };
		367A992125B4549C0027BD29 /* LoadImageView.swift */ = {isa = PBXFileReference; lastKnownFileType = sourcecode.swift; path = LoadImageView.swift; sourceTree = "<group>"; };
		367A992425B4554F0027BD29 /* OBView.swift */ = {isa = PBXFileReference; lastKnownFileType = sourcecode.swift; path = OBView.swift; sourceTree = "<group>"; };
		367A992925B460860027BD29 /* ActivityIndecator.swift */ = {isa = PBXFileReference; lastKnownFileType = sourcecode.swift; path = ActivityIndecator.swift; sourceTree = "<group>"; };
/* End PBXFileReference section */

/* Begin PBXFrameworksBuildPhase section */
		367A98BF25B4270B0027BD29 /* Frameworks */ = {
			isa = PBXFrameworksBuildPhase;
			buildActionMask = 2147483647;
			files = (
				367A98E925B4276D0027BD29 /* SwURL in Frameworks */,
				367A992E25B461780027BD29 /* ActivityIndicatorView in Frameworks */,
				367A992825B456160027BD29 /* ConcentricOnboarding in Frameworks */,
			);
			runOnlyForDeploymentPostprocessing = 0;
		};
		367A98D525B4270E0027BD29 /* Frameworks */ = {
			isa = PBXFrameworksBuildPhase;
			buildActionMask = 2147483647;
			files = (
			);
			runOnlyForDeploymentPostprocessing = 0;
		};
/* End PBXFrameworksBuildPhase section */

/* Begin PBXGroup section */
		367A98B925B4270B0027BD29 = {
			isa = PBXGroup;
			children = (
				367A98C425B4270B0027BD29 /* LoadImage */,
				367A98DB25B4270E0027BD29 /* LoadImageTests */,
				367A98C325B4270B0027BD29 /* Products */,
			);
			sourceTree = "<group>";
		};
		367A98C325B4270B0027BD29 /* Products */ = {
			isa = PBXGroup;
			children = (
				367A98C225B4270B0027BD29 /* LoadImage.app */,
				367A98D825B4270E0027BD29 /* LoadImageTests.xctest */,
			);
			name = Products;
			sourceTree = "<group>";
		};
		367A98C425B4270B0027BD29 /* LoadImage */ = {
			isa = PBXGroup;
			children = (
				367A992B25B4608A0027BD29 /* ActivityIndetator */,
				367A992325B455430027BD29 /* OB */,
				367A992025B454830027BD29 /* LoadImage */,
				367A98C525B4270B0027BD29 /* AppDelegate.swift */,
				367A98C725B4270B0027BD29 /* SceneDelegate.swift */,
				367A98C925B4270B0027BD29 /* ContentView.swift */,
				367A98CB25B4270E0027BD29 /* Assets.xcassets */,
				367A98D025B4270E0027BD29 /* LaunchScreen.storyboard */,
				367A98D325B4270E0027BD29 /* Info.plist */,
				367A98CD25B4270E0027BD29 /* Preview Content */,
			);
			path = LoadImage;
			sourceTree = "<group>";
		};
		367A98CD25B4270E0027BD29 /* Preview Content */ = {
			isa = PBXGroup;
			children = (
				367A98CE25B4270E0027BD29 /* Preview Assets.xcassets */,
			);
			path = "Preview Content";
			sourceTree = "<group>";
		};
		367A98DB25B4270E0027BD29 /* LoadImageTests */ = {
			isa = PBXGroup;
			children = (
				367A98DC25B4270E0027BD29 /* LoadImageTests.swift */,
				367A98DE25B4270E0027BD29 /* Info.plist */,
			);
			path = LoadImageTests;
			sourceTree = "<group>";
		};
		367A992025B454830027BD29 /* LoadImage */ = {
			isa = PBXGroup;
			children = (
				367A992125B4549C0027BD29 /* LoadImageView.swift */,
			);
			path = LoadImage;
			sourceTree = "<group>";
		};
		367A992325B455430027BD29 /* OB */ = {
			isa = PBXGroup;
			children = (
				367A992425B4554F0027BD29 /* OBView.swift */,
			);
			path = OB;
			sourceTree = "<group>";
		};
		367A992B25B4608A0027BD29 /* ActivityIndetator */ = {
			isa = PBXGroup;
			children = (
				367A992925B460860027BD29 /* ActivityIndecator.swift */,
			);
			path = ActivityIndetator;
			sourceTree = "<group>";
		};
/* End PBXGroup section */

/* Begin PBXNativeTarget section */
		367A98C125B4270B0027BD29 /* LoadImage */ = {
			isa = PBXNativeTarget;
			buildConfigurationList = 367A98E125B4270E0027BD29 /* Build configuration list for PBXNativeTarget "LoadImage" */;
			buildPhases = (
				367A98BE25B4270B0027BD29 /* Sources */,
				367A98BF25B4270B0027BD29 /* Frameworks */,
				367A98C025B4270B0027BD29 /* Resources */,
			);
			buildRules = (
			);
			dependencies = (
			);
			name = LoadImage;
			packageProductDependencies = (
				367A98E825B4276D0027BD29 /* SwURL */,
				367A992725B456160027BD29 /* ConcentricOnboarding */,
				367A992D25B461780027BD29 /* ActivityIndicatorView */,
			);
			productName = LoadImage;
			productReference = 367A98C225B4270B0027BD29 /* LoadImage.app */;
			productType = "com.apple.product-type.application";
		};
		367A98D725B4270E0027BD29 /* LoadImageTests */ = {
			isa = PBXNativeTarget;
			buildConfigurationList = 367A98E425B4270E0027BD29 /* Build configuration list for PBXNativeTarget "LoadImageTests" */;
			buildPhases = (
				367A98D425B4270E0027BD29 /* Sources */,
				367A98D525B4270E0027BD29 /* Frameworks */,
				367A98D625B4270E0027BD29 /* Resources */,
			);
			buildRules = (
			);
			dependencies = (
				367A98DA25B4270E0027BD29 /* PBXTargetDependency */,
			);
			name = LoadImageTests;
			productName = LoadImageTests;
			productReference = 367A98D825B4270E0027BD29 /* LoadImageTests.xctest */;
			productType = "com.apple.product-type.bundle.unit-test";
		};
/* End PBXNativeTarget section */

/* Begin PBXProject section */
		367A98BA25B4270B0027BD29 /* Project object */ = {
			isa = PBXProject;
			attributes = {
				LastSwiftUpdateCheck = 1160;
				LastUpgradeCheck = 1160;
				ORGANIZATIONNAME = "Tal Spektor";
				TargetAttributes = {
					367A98C125B4270B0027BD29 = {
						CreatedOnToolsVersion = 11.6;
					};
					367A98D725B4270E0027BD29 = {
						CreatedOnToolsVersion = 11.6;
						TestTargetID = 367A98C125B4270B0027BD29;
					};
				};
			};
			buildConfigurationList = 367A98BD25B4270B0027BD29 /* Build configuration list for PBXProject "LoadImage" */;
			compatibilityVersion = "Xcode 9.3";
			developmentRegion = en;
			hasScannedForEncodings = 0;
			knownRegions = (
				en,
				Base,
			);
			mainGroup = 367A98B925B4270B0027BD29;
			packageReferences = (
				367A98E725B4276D0027BD29 /* XCRemoteSwiftPackageReference "SwURL" */,
				367A992625B456160027BD29 /* XCRemoteSwiftPackageReference "ConcentricOnboarding" */,
				367A992C25B461780027BD29 /* XCRemoteSwiftPackageReference "ActivityIndicatorView" */,
			);
			productRefGroup = 367A98C325B4270B0027BD29 /* Products */;
			projectDirPath = "";
			projectRoot = "";
			targets = (
				367A98C125B4270B0027BD29 /* LoadImage */,
				367A98D725B4270E0027BD29 /* LoadImageTests */,
			);
		};
/* End PBXProject section */

/* Begin PBXResourcesBuildPhase section */
		367A98C025B4270B0027BD29 /* Resources */ = {
			isa = PBXResourcesBuildPhase;
			buildActionMask = 2147483647;
			files = (
				367A98D225B4270E0027BD29 /* LaunchScreen.storyboard in Resources */,
				367A98CF25B4270E0027BD29 /* Preview Assets.xcassets in Resources */,
				367A98CC25B4270E0027BD29 /* Assets.xcassets in Resources */,
			);
			runOnlyForDeploymentPostprocessing = 0;
		};
		367A98D625B4270E0027BD29 /* Resources */ = {
			isa = PBXResourcesBuildPhase;
			buildActionMask = 2147483647;
			files = (
			);
			runOnlyForDeploymentPostprocessing = 0;
		};
/* End PBXResourcesBuildPhase section */

/* Begin PBXSourcesBuildPhase section */
		367A98BE25B4270B0027BD29 /* Sources */ = {
			isa = PBXSourcesBuildPhase;
			buildActionMask = 2147483647;
			files = (
				367A992225B4549C0027BD29 /* LoadImageView.swift in Sources */,
				367A98C625B4270B0027BD29 /* AppDelegate.swift in Sources */,
				367A98C825B4270B0027BD29 /* SceneDelegate.swift in Sources */,
				367A98CA25B4270B0027BD29 /* ContentView.swift in Sources */,
				367A992A25B460860027BD29 /* ActivityIndecator.swift in Sources */,
				367A992525B4554F0027BD29 /* OBView.swift in Sources */,
			);
			runOnlyForDeploymentPostprocessing = 0;
		};
		367A98D425B4270E0027BD29 /* Sources */ = {
			isa = PBXSourcesBuildPhase;
			buildActionMask = 2147483647;
			files = (
				367A98DD25B4270E0027BD29 /* LoadImageTests.swift in Sources */,
			);
			runOnlyForDeploymentPostprocessing = 0;
		};
/* End PBXSourcesBuildPhase section */

/* Begin PBXTargetDependency section */
		367A98DA25B4270E0027BD29 /* PBXTargetDependency */ = {
			isa = PBXTargetDependency;
			target = 367A98C125B4270B0027BD29 /* LoadImage */;
			targetProxy = 367A98D925B4270E0027BD29 /* PBXContainerItemProxy */;
		};
/* End PBXTargetDependency section */

/* Begin PBXVariantGroup section */
		367A98D025B4270E0027BD29 /* LaunchScreen.storyboard */ = {
			isa = PBXVariantGroup;
			children = (
				367A98D125B4270E0027BD29 /* Base */,
			);
			name = LaunchScreen.storyboard;
			sourceTree = "<group>";
		};
/* End PBXVariantGroup section */

/* Begin XCBuildConfiguration section */
		367A98DF25B4270E0027BD29 /* Debug */ = {
			isa = XCBuildConfiguration;
			buildSettings = {
				ALWAYS_SEARCH_USER_PATHS = NO;
				CLANG_ANALYZER_NONNULL = YES;
				CLANG_ANALYZER_NUMBER_OBJECT_CONVERSION = YES_AGGRESSIVE;
				CLANG_CXX_LANGUAGE_STANDARD = "gnu++14";
				CLANG_CXX_LIBRARY = "libc++";
				CLANG_ENABLE_MODULES = YES;
				CLANG_ENABLE_OBJC_ARC = YES;
				CLANG_ENABLE_OBJC_WEAK = YES;
				CLANG_WARN_BLOCK_CAPTURE_AUTORELEASING = YES;
				CLANG_WARN_BOOL_CONVERSION = YES;
				CLANG_WARN_COMMA = YES;
				CLANG_WARN_CONSTANT_CONVERSION = YES;
				CLANG_WARN_DEPRECATED_OBJC_IMPLEMENTATIONS = YES;
				CLANG_WARN_DIRECT_OBJC_ISA_USAGE = YES_ERROR;
				CLANG_WARN_DOCUMENTATION_COMMENTS = YES;
				CLANG_WARN_EMPTY_BODY = YES;
				CLANG_WARN_ENUM_CONVERSION = YES;
				CLANG_WARN_INFINITE_RECURSION = YES;
				CLANG_WARN_INT_CONVERSION = YES;
				CLANG_WARN_NON_LITERAL_NULL_CONVERSION = YES;
				CLANG_WARN_OBJC_IMPLICIT_RETAIN_SELF = YES;
				CLANG_WARN_OBJC_LITERAL_CONVERSION = YES;
				CLANG_WARN_OBJC_ROOT_CLASS = YES_ERROR;
				CLANG_WARN_RANGE_LOOP_ANALYSIS = YES;
				CLANG_WARN_STRICT_PROTOTYPES = YES;
				CLANG_WARN_SUSPICIOUS_MOVE = YES;
				CLANG_WARN_UNGUARDED_AVAILABILITY = YES_AGGRESSIVE;
				CLANG_WARN_UNREACHABLE_CODE = YES;
				CLANG_WARN__DUPLICATE_METHOD_MATCH = YES;
				COPY_PHASE_STRIP = NO;
				DEBUG_INFORMATION_FORMAT = dwarf;
				ENABLE_STRICT_OBJC_MSGSEND = YES;
				ENABLE_TESTABILITY = YES;
				GCC_C_LANGUAGE_STANDARD = gnu11;
				GCC_DYNAMIC_NO_PIC = NO;
				GCC_NO_COMMON_BLOCKS = YES;
				GCC_OPTIMIZATION_LEVEL = 0;
				GCC_PREPROCESSOR_DEFINITIONS = (
					"DEBUG=1",
					"$(inherited)",
				);
				GCC_WARN_64_TO_32_BIT_CONVERSION = YES;
				GCC_WARN_ABOUT_RETURN_TYPE = YES_ERROR;
				GCC_WARN_UNDECLARED_SELECTOR = YES;
				GCC_WARN_UNINITIALIZED_AUTOS = YES_AGGRESSIVE;
				GCC_WARN_UNUSED_FUNCTION = YES;
				GCC_WARN_UNUSED_VARIABLE = YES;
				IPHONEOS_DEPLOYMENT_TARGET = 13.6;
				MTL_ENABLE_DEBUG_INFO = INCLUDE_SOURCE;
				MTL_FAST_MATH = YES;
				ONLY_ACTIVE_ARCH = YES;
				SDKROOT = iphoneos;
				SWIFT_ACTIVE_COMPILATION_CONDITIONS = DEBUG;
				SWIFT_OPTIMIZATION_LEVEL = "-Onone";
			};
			name = Debug;
		};
		367A98E025B4270E0027BD29 /* Release */ = {
			isa = XCBuildConfiguration;
			buildSettings = {
				ALWAYS_SEARCH_USER_PATHS = NO;
				CLANG_ANALYZER_NONNULL = YES;
				CLANG_ANALYZER_NUMBER_OBJECT_CONVERSION = YES_AGGRESSIVE;
				CLANG_CXX_LANGUAGE_STANDARD = "gnu++14";
				CLANG_CXX_LIBRARY = "libc++";
				CLANG_ENABLE_MODULES = YES;
				CLANG_ENABLE_OBJC_ARC = YES;
				CLANG_ENABLE_OBJC_WEAK = YES;
				CLANG_WARN_BLOCK_CAPTURE_AUTORELEASING = YES;
				CLANG_WARN_BOOL_CONVERSION = YES;
				CLANG_WARN_COMMA = YES;
				CLANG_WARN_CONSTANT_CONVERSION = YES;
				CLANG_WARN_DEPRECATED_OBJC_IMPLEMENTATIONS = YES;
				CLANG_WARN_DIRECT_OBJC_ISA_USAGE = YES_ERROR;
				CLANG_WARN_DOCUMENTATION_COMMENTS = YES;
				CLANG_WARN_EMPTY_BODY = YES;
				CLANG_WARN_ENUM_CONVERSION = YES;
				CLANG_WARN_INFINITE_RECURSION = YES;
				CLANG_WARN_INT_CONVERSION = YES;
				CLANG_WARN_NON_LITERAL_NULL_CONVERSION = YES;
				CLANG_WARN_OBJC_IMPLICIT_RETAIN_SELF = YES;
				CLANG_WARN_OBJC_LITERAL_CONVERSION = YES;
				CLANG_WARN_OBJC_ROOT_CLASS = YES_ERROR;
				CLANG_WARN_RANGE_LOOP_ANALYSIS = YES;
				CLANG_WARN_STRICT_PROTOTYPES = YES;
				CLANG_WARN_SUSPICIOUS_MOVE = YES;
				CLANG_WARN_UNGUARDED_AVAILABILITY = YES_AGGRESSIVE;
				CLANG_WARN_UNREACHABLE_CODE = YES;
				CLANG_WARN__DUPLICATE_METHOD_MATCH = YES;
				COPY_PHASE_STRIP = NO;
				DEBUG_INFORMATION_FORMAT = "dwarf-with-dsym";
				ENABLE_NS_ASSERTIONS = NO;
				ENABLE_STRICT_OBJC_MSGSEND = YES;
				GCC_C_LANGUAGE_STANDARD = gnu11;
				GCC_NO_COMMON_BLOCKS = YES;
				GCC_WARN_64_TO_32_BIT_CONVERSION = YES;
				GCC_WARN_ABOUT_RETURN_TYPE = YES_ERROR;
				GCC_WARN_UNDECLARED_SELECTOR = YES;
				GCC_WARN_UNINITIALIZED_AUTOS = YES_AGGRESSIVE;
				GCC_WARN_UNUSED_FUNCTION = YES;
				GCC_WARN_UNUSED_VARIABLE = YES;
				IPHONEOS_DEPLOYMENT_TARGET = 13.6;
				MTL_ENABLE_DEBUG_INFO = NO;
				MTL_FAST_MATH = YES;
				SDKROOT = iphoneos;
				SWIFT_COMPILATION_MODE = wholemodule;
				SWIFT_OPTIMIZATION_LEVEL = "-O";
				VALIDATE_PRODUCT = YES;
			};
			name = Release;
		};
		367A98E225B4270E0027BD29 /* Debug */ = {
			isa = XCBuildConfiguration;
			buildSettings = {
				ASSETCATALOG_COMPILER_APPICON_NAME = AppIcon;
				CODE_SIGN_STYLE = Automatic;
				DEVELOPMENT_ASSET_PATHS = "\"LoadImage/Preview Content\"";
				DEVELOPMENT_TEAM = M3C8BZ4H8Y;
				ENABLE_PREVIEWS = YES;
				INFOPLIST_FILE = LoadImage/Info.plist;
				LD_RUNPATH_SEARCH_PATHS = (
					"$(inherited)",
					"@executable_path/Frameworks",
				);
				PRODUCT_BUNDLE_IDENTIFIER = com.talspektor.LoadImage;
				PRODUCT_NAME = "$(TARGET_NAME)";
				SWIFT_VERSION = 5.0;
				TARGETED_DEVICE_FAMILY = "1,2";
			};
			name = Debug;
		};
		367A98E325B4270E0027BD29 /* Release */ = {
			isa = XCBuildConfiguration;
			buildSettings = {
				ASSETCATALOG_COMPILER_APPICON_NAME = AppIcon;
				CODE_SIGN_STYLE = Automatic;
				DEVELOPMENT_ASSET_PATHS = "\"LoadImage/Preview Content\"";
				DEVELOPMENT_TEAM = M3C8BZ4H8Y;
				ENABLE_PREVIEWS = YES;
				INFOPLIST_FILE = LoadImage/Info.plist;
				LD_RUNPATH_SEARCH_PATHS = (
					"$(inherited)",
					"@executable_path/Frameworks",
				);
				PRODUCT_BUNDLE_IDENTIFIER = com.talspektor.LoadImage;
				PRODUCT_NAME = "$(TARGET_NAME)";
				SWIFT_VERSION = 5.0;
				TARGETED_DEVICE_FAMILY = "1,2";
			};
			name = Release;
		};
		367A98E525B4270E0027BD29 /* Debug */ = {
			isa = XCBuildConfiguration;
			buildSettings = {
				ALWAYS_EMBED_SWIFT_STANDARD_LIBRARIES = YES;
				BUNDLE_LOADER = "$(TEST_HOST)";
				CODE_SIGN_STYLE = Automatic;
				DEVELOPMENT_TEAM = M3C8BZ4H8Y;
				INFOPLIST_FILE = LoadImageTests/Info.plist;
				IPHONEOS_DEPLOYMENT_TARGET = 13.6;
				LD_RUNPATH_SEARCH_PATHS = (
					"$(inherited)",
					"@executable_path/Frameworks",
					"@loader_path/Frameworks",
				);
				PRODUCT_BUNDLE_IDENTIFIER = com.talspektor.LoadImageTests;
				PRODUCT_NAME = "$(TARGET_NAME)";
				SWIFT_VERSION = 5.0;
				TARGETED_DEVICE_FAMILY = "1,2";
				TEST_HOST = "$(BUILT_PRODUCTS_DIR)/LoadImage.app/LoadImage";
			};
			name = Debug;
		};
		367A98E625B4270E0027BD29 /* Release */ = {
			isa = XCBuildConfiguration;
			buildSettings = {
				ALWAYS_EMBED_SWIFT_STANDARD_LIBRARIES = YES;
				BUNDLE_LOADER = "$(TEST_HOST)";
				CODE_SIGN_STYLE = Automatic;
				DEVELOPMENT_TEAM = M3C8BZ4H8Y;
				INFOPLIST_FILE = LoadImageTests/Info.plist;
				IPHONEOS_DEPLOYMENT_TARGET = 13.6;
				LD_RUNPATH_SEARCH_PATHS = (
					"$(inherited)",
					"@executable_path/Frameworks",
					"@loader_path/Frameworks",
				);
				PRODUCT_BUNDLE_IDENTIFIER = com.talspektor.LoadImageTests;
				PRODUCT_NAME = "$(TARGET_NAME)";
				SWIFT_VERSION = 5.0;
				TARGETED_DEVICE_FAMILY = "1,2";
				TEST_HOST = "$(BUILT_PRODUCTS_DIR)/LoadImage.app/LoadImage";
			};
			name = Release;
		};
/* End XCBuildConfiguration section */

/* Begin XCConfigurationList section */
		367A98BD25B4270B0027BD29 /* Build configuration list for PBXProject "LoadImage" */ = {
			isa = XCConfigurationList;
			buildConfigurations = (
				367A98DF25B4270E0027BD29 /* Debug */,
				367A98E025B4270E0027BD29 /* Release */,
			);
			defaultConfigurationIsVisible = 0;
			defaultConfigurationName = Release;
		};
		367A98E125B4270E0027BD29 /* Build configuration list for PBXNativeTarget "LoadImage" */ = {
			isa = XCConfigurationList;
			buildConfigurations = (
				367A98E225B4270E0027BD29 /* Debug */,
				367A98E325B4270E0027BD29 /* Release */,
			);
			defaultConfigurationIsVisible = 0;
			defaultConfigurationName = Release;
		};
		367A98E425B4270E0027BD29 /* Build configuration list for PBXNativeTarget "LoadImageTests" */ = {
			isa = XCConfigurationList;
			buildConfigurations = (
				367A98E525B4270E0027BD29 /* Debug */,
				367A98E625B4270E0027BD29 /* Release */,
			);
			defaultConfigurationIsVisible = 0;
			defaultConfigurationName = Release;
		};
/* End XCConfigurationList section */

/* Begin XCRemoteSwiftPackageReference section */
		367A98E725B4276D0027BD29 /* XCRemoteSwiftPackageReference "SwURL" */ = {
			isa = XCRemoteSwiftPackageReference;
			repositoryURL = "https://github.com/cmtrounce/SwURL";
			requirement = {
				kind = upToNextMajorVersion;
				minimumVersion = 0.4.0;
			};
		};
		367A992625B456160027BD29 /* XCRemoteSwiftPackageReference "ConcentricOnboarding" */ = {
			isa = XCRemoteSwiftPackageReference;
			repositoryURL = "https://github.com/exyte/ConcentricOnboarding.git";
			requirement = {
				kind = upToNextMajorVersion;
				minimumVersion = 0.0.5;
			};
		};
		367A992C25B461780027BD29 /* XCRemoteSwiftPackageReference "ActivityIndicatorView" */ = {
			isa = XCRemoteSwiftPackageReference;
			repositoryURL = "https://github.com/exyte/ActivityIndicatorView.git";
			requirement = {
				kind = upToNextMajorVersion;
				minimumVersion = 0.0.6;
			};
		};
/* End XCRemoteSwiftPackageReference section */

/* Begin XCSwiftPackageProductDependency section */
		367A98E825B4276D0027BD29 /* SwURL */ = {
			isa = XCSwiftPackageProductDependency;
			package = 367A98E725B4276D0027BD29 /* XCRemoteSwiftPackageReference "SwURL" */;
			productName = SwURL;
		};
		367A992725B456160027BD29 /* ConcentricOnboarding */ = {
			isa = XCSwiftPackageProductDependency;
			package = 367A992625B456160027BD29 /* XCRemoteSwiftPackageReference "ConcentricOnboarding" */;
			productName = ConcentricOnboarding;
		};
		367A992D25B461780027BD29 /* ActivityIndicatorView */ = {
			isa = XCSwiftPackageProductDependency;
			package = 367A992C25B461780027BD29 /* XCRemoteSwiftPackageReference "ActivityIndicatorView" */;
			productName = ActivityIndicatorView;
		};
/* End XCSwiftPackageProductDependency section */
	};
	rootObject = 367A98BA25B4270B0027BD29 /* Project object */;
}
